
Microsoft Visual Studio Solution File, Format Version 12.00
# Visual Studio Version 16
VisualStudioVersion = 16.0.28803.202
MinimumVisualStudioVersion = 10.0.40219.1
Project("{F2A71F9B-5D33-465A-A702-920D77279786}") = "lightchat.api", "lightchat.api\lightchat.api.fsproj", "{39001F01-D29E-44BB-B1DB-E502D110C0E6}"
EndProject
Global
	GlobalSection(SolutionConfigurationPlatforms) = preSolution
		Debug|Any CPU = Debug|Any CPU
		Release|Any CPU = Release|Any CPU
	EndGlobalSection
	GlobalSection(ProjectConfigurationPlatforms) = postSolution
		{39001F01-D29E-44BB-B1DB-E502D110C0E6}.Debug|Any CPU.ActiveCfg = Debug|Any CPU
		{39001F01-D29E-44BB-B1DB-E502D110C0E6}.Debug|Any CPU.Build.0 = Debug|Any CPU
		{39001F01-D29E-44BB-B1DB-E502D110C0E6}.Release|Any CPU.ActiveCfg = Release|Any CPU
		{39001F01-D29E-44BB-B1DB-E502D110C0E6}.Release|Any CPU.Build.0 = Release|Any CPU
	EndGlobalSection
	GlobalSection(SolutionProperties) = preSolution
		HideSolutionNode = FALSE
	EndGlobalSection
	GlobalSection(ExtensibilityGlobals) = postSolution
		SolutionGuid = {AF06A13B-8883-4E75-9E54-1F8E4EFCDF88}
	EndGlobalSection
EndGlobal
